
Microsoft Visual Studio Solution File, Format Version 10.00
# Visual Studio 2008
Project("{FAE04EC0-301F-11D3-BF4B-00C04F79EFBC}") = "PostgreSqlClient", "PostgreSqlClient\PostgreSqlClient.csproj", "{54834C7C-249E-480A-8B13-EE0C3AF6B605}"
EndProject
Project("{FAE04EC0-301F-11D3-BF4B-00C04F79EFBC}") = "ConsoleApplication1_test_dll", "ConsoleApplication1_test_dll\ConsoleApplication1_test_dll.csproj", "{447FB888-A297-4EB2-BA74-DF52CAE75CFD}"
EndProject
Global
	GlobalSection(SolutionConfigurationPlatforms) = preSolution
		Debug|Any CPU = Debug|Any CPU
		Release|Any CPU = Release|Any CPU
	EndGlobalSection
	GlobalSection(ProjectConfigurationPlatforms) = postSolution
		{54834C7C-249E-480A-8B13-EE0C3AF6B605}.Debug|Any CPU.ActiveCfg = Debug|Any CPU
		{54834C7C-249E-480A-8B13-EE0C3AF6B605}.Debug|Any CPU.Build.0 = Debug|Any CPU
		{54834C7C-249E-480A-8B13-EE0C3AF6B605}.Release|Any CPU.ActiveCfg = Release|Any CPU
		{54834C7C-249E-480A-8B13-EE0C3AF6B605}.Release|Any CPU.Build.0 = Release|Any CPU
		{447FB888-A297-4EB2-BA74-DF52CAE75CFD}.Debug|Any CPU.ActiveCfg = Debug|Any CPU
		{447FB888-A297-4EB2-BA74-DF52CAE75CFD}.Debug|Any CPU.Build.0 = Debug|Any CPU
		{447FB888-A297-4EB2-BA74-DF52CAE75CFD}.Release|Any CPU.ActiveCfg = Release|Any CPU
		{447FB888-A297-4EB2-BA74-DF52CAE75CFD}.Release|Any CPU.Build.0 = Release|Any CPU
	EndGlobalSection
	GlobalSection(SolutionProperties) = preSolution
		HideSolutionNode = FALSE
	EndGlobalSection
EndGlobal
